
Microsoft Visual Studio Solution File, Format Version 12.00
# Visual Studio 15
VisualStudioVersion = 15.0.33529.398
MinimumVisualStudioVersion = 10.0.40219.1
Project("{FAE04EC0-301F-11D3-BF4B-00C04F79EFBC}") = "TrầnThếTường_9157_Bt_ql_banhang", "TrầnThếTường_9157_Bt_ql_banhang\TrầnThếTường_9157_Bt_ql_banhang.csproj", "{7621B200-8121-45C3-9EAB-786C48D69F19}"
EndProject
Global
	GlobalSection(SolutionConfigurationPlatforms) = preSolution
		Debug|Any CPU = Debug|Any CPU
		Release|Any CPU = Release|Any CPU
	EndGlobalSection
	GlobalSection(ProjectConfigurationPlatforms) = postSolution
		{7621B200-8121-45C3-9EAB-786C48D69F19}.Debug|Any CPU.ActiveCfg = Debug|Any CPU
		{7621B200-8121-45C3-9EAB-786C48D69F19}.Debug|Any CPU.Build.0 = Debug|Any CPU
		{7621B200-8121-45C3-9EAB-786C48D69F19}.Release|Any CPU.ActiveCfg = Release|Any CPU
		{7621B200-8121-45C3-9EAB-786C48D69F19}.Release|Any CPU.Build.0 = Release|Any CPU
	EndGlobalSection
	GlobalSection(SolutionProperties) = preSolution
		HideSolutionNode = FALSE
	EndGlobalSection
	GlobalSection(ExtensibilityGlobals) = postSolution
		SolutionGuid = {AC9FBE0E-EC7D-441B-984E-F12F57A3F985}
	EndGlobalSection
EndGlobal
