
Microsoft Visual Studio Solution File, Format Version 12.00
# Visual Studio Version 17
VisualStudioVersion = 17.5.33414.496
MinimumVisualStudioVersion = 10.0.40219.1
Project("{FAE04EC0-301F-11D3-BF4B-00C04F79EFBC}") = "Profile3", "Profile3.csproj", "{6969B904-E81A-422D-AC95-EE8AB7A5DF21}"
EndProject
Global
	GlobalSection(SolutionConfigurationPlatforms) = preSolution
		Debug|Any CPU = Debug|Any CPU
		Release|Any CPU = Release|Any CPU
	EndGlobalSection
	GlobalSection(ProjectConfigurationPlatforms) = postSolution
		{6969B904-E81A-422D-AC95-EE8AB7A5DF21}.Debug|Any CPU.ActiveCfg = Debug|Any CPU
		{6969B904-E81A-422D-AC95-EE8AB7A5DF21}.Debug|Any CPU.Build.0 = Debug|Any CPU
		{6969B904-E81A-422D-AC95-EE8AB7A5DF21}.Release|Any CPU.ActiveCfg = Release|Any CPU
		{6969B904-E81A-422D-AC95-EE8AB7A5DF21}.Release|Any CPU.Build.0 = Release|Any CPU
	EndGlobalSection
	GlobalSection(SolutionProperties) = preSolution
		HideSolutionNode = FALSE
	EndGlobalSection
	GlobalSection(ExtensibilityGlobals) = postSolution
		SolutionGuid = {FE78D2FE-DBC5-40DD-B028-3E9985EF3D84}
	EndGlobalSection
EndGlobal
