
Microsoft Visual Studio Solution File, Format Version 12.00
# Visual Studio 15
VisualStudioVersion = 15.0.33529.398
MinimumVisualStudioVersion = 10.0.40219.1
Project("{FAE04EC0-301F-11D3-BF4B-00C04F79EFBC}") = "TrầnThếTường_9157", "TrầnThếTường_9157\TrầnThếTường_9157.csproj", "{B095802E-16B5-4E9D-AD6B-93F80BFEA6DF}"
EndProject
Global
	GlobalSection(SolutionConfigurationPlatforms) = preSolution
		Debug|Any CPU = Debug|Any CPU
		Release|Any CPU = Release|Any CPU
	EndGlobalSection
	GlobalSection(ProjectConfigurationPlatforms) = postSolution
		{B095802E-16B5-4E9D-AD6B-93F80BFEA6DF}.Debug|Any CPU.ActiveCfg = Debug|Any CPU
		{B095802E-16B5-4E9D-AD6B-93F80BFEA6DF}.Debug|Any CPU.Build.0 = Debug|Any CPU
		{B095802E-16B5-4E9D-AD6B-93F80BFEA6DF}.Release|Any CPU.ActiveCfg = Release|Any CPU
		{B095802E-16B5-4E9D-AD6B-93F80BFEA6DF}.Release|Any CPU.Build.0 = Release|Any CPU
	EndGlobalSection
	GlobalSection(SolutionProperties) = preSolution
		HideSolutionNode = FALSE
	EndGlobalSection
	GlobalSection(ExtensibilityGlobals) = postSolution
		SolutionGuid = {459FF895-DB48-413B-A506-FC00EC7BB8A5}
	EndGlobalSection
EndGlobal
