
Microsoft Visual Studio Solution File, Format Version 12.00
# Visual Studio Version 16
VisualStudioVersion = 16.0.33423.256
MinimumVisualStudioVersion = 10.0.40219.1
Project("{FAE04EC0-301F-11D3-BF4B-00C04F79EFBC}") = "Trần_Thế_Tường_27211239157_bai_tap_webform", "Trần_Thế_Tường_27211239157_bai_tap_webform\Trần_Thế_Tường_27211239157_bai_tap_webform.csproj", "{6A8F0973-41E6-490B-A167-F68694DB054F}"
EndProject
Global
	GlobalSection(SolutionConfigurationPlatforms) = preSolution
		Debug|Any CPU = Debug|Any CPU
		Release|Any CPU = Release|Any CPU
	EndGlobalSection
	GlobalSection(ProjectConfigurationPlatforms) = postSolution
		{6A8F0973-41E6-490B-A167-F68694DB054F}.Debug|Any CPU.ActiveCfg = Debug|Any CPU
		{6A8F0973-41E6-490B-A167-F68694DB054F}.Debug|Any CPU.Build.0 = Debug|Any CPU
		{6A8F0973-41E6-490B-A167-F68694DB054F}.Release|Any CPU.ActiveCfg = Release|Any CPU
		{6A8F0973-41E6-490B-A167-F68694DB054F}.Release|Any CPU.Build.0 = Release|Any CPU
	EndGlobalSection
	GlobalSection(SolutionProperties) = preSolution
		HideSolutionNode = FALSE
	EndGlobalSection
	GlobalSection(ExtensibilityGlobals) = postSolution
		SolutionGuid = {64F93884-3A18-45A1-9C71-E4A6BD11DCE4}
	EndGlobalSection
EndGlobal
