
Microsoft Visual Studio Solution File, Format Version 12.00
# Visual Studio 15
VisualStudioVersion = 15.0.33529.398
MinimumVisualStudioVersion = 10.0.40219.1
Project("{FAE04EC0-301F-11D3-BF4B-00C04F79EFBC}") = "tran_the_tuong_39157_bt_webform", "tran_the_tuong_39157_bt_webform\tran_the_tuong_39157_bt_webform.csproj", "{338A5274-0065-45F4-8AEF-50C21FE885F0}"
EndProject
Global
	GlobalSection(SolutionConfigurationPlatforms) = preSolution
		Debug|Any CPU = Debug|Any CPU
		Release|Any CPU = Release|Any CPU
	EndGlobalSection
	GlobalSection(ProjectConfigurationPlatforms) = postSolution
		{338A5274-0065-45F4-8AEF-50C21FE885F0}.Debug|Any CPU.ActiveCfg = Debug|Any CPU
		{338A5274-0065-45F4-8AEF-50C21FE885F0}.Debug|Any CPU.Build.0 = Debug|Any CPU
		{338A5274-0065-45F4-8AEF-50C21FE885F0}.Release|Any CPU.ActiveCfg = Release|Any CPU
		{338A5274-0065-45F4-8AEF-50C21FE885F0}.Release|Any CPU.Build.0 = Release|Any CPU
	EndGlobalSection
	GlobalSection(SolutionProperties) = preSolution
		HideSolutionNode = FALSE
	EndGlobalSection
	GlobalSection(ExtensibilityGlobals) = postSolution
		SolutionGuid = {3BC1D7FB-7441-4859-8E54-D2DF497C03BB}
	EndGlobalSection
EndGlobal
