
Microsoft Visual Studio Solution File, Format Version 12.00
# Visual Studio 15
VisualStudioVersion = 15.0.33529.398
MinimumVisualStudioVersion = 10.0.40219.1
Project("{FAE04EC0-301F-11D3-BF4B-00C04F79EFBC}") = "webform2_csdl", "webform2_csdl\webform2_csdl.csproj", "{0C943ED3-D8C4-4C4D-9D09-993B4AE748E5}"
EndProject
Global
	GlobalSection(SolutionConfigurationPlatforms) = preSolution
		Debug|Any CPU = Debug|Any CPU
		Release|Any CPU = Release|Any CPU
	EndGlobalSection
	GlobalSection(ProjectConfigurationPlatforms) = postSolution
		{0C943ED3-D8C4-4C4D-9D09-993B4AE748E5}.Debug|Any CPU.ActiveCfg = Debug|Any CPU
		{0C943ED3-D8C4-4C4D-9D09-993B4AE748E5}.Debug|Any CPU.Build.0 = Debug|Any CPU
		{0C943ED3-D8C4-4C4D-9D09-993B4AE748E5}.Release|Any CPU.ActiveCfg = Release|Any CPU
		{0C943ED3-D8C4-4C4D-9D09-993B4AE748E5}.Release|Any CPU.Build.0 = Release|Any CPU
	EndGlobalSection
	GlobalSection(SolutionProperties) = preSolution
		HideSolutionNode = FALSE
	EndGlobalSection
	GlobalSection(ExtensibilityGlobals) = postSolution
		SolutionGuid = {FC350D3C-4832-47ED-BCA2-0D197F38CE70}
	EndGlobalSection
EndGlobal
