
Microsoft Visual Studio Solution File, Format Version 12.00
# Visual Studio 15
VisualStudioVersion = 15.0.33529.398
MinimumVisualStudioVersion = 10.0.40219.1
Project("{FAE04EC0-301F-11D3-BF4B-00C04F79EFBC}") = "doan_thuongmaidientu", "doan_thuongmaidientu\doan_thuongmaidientu.csproj", "{E060FD3D-4B47-4427-8E0C-D8BF543DA710}"
EndProject
Global
	GlobalSection(SolutionConfigurationPlatforms) = preSolution
		Debug|Any CPU = Debug|Any CPU
		Release|Any CPU = Release|Any CPU
	EndGlobalSection
	GlobalSection(ProjectConfigurationPlatforms) = postSolution
		{E060FD3D-4B47-4427-8E0C-D8BF543DA710}.Debug|Any CPU.ActiveCfg = Debug|Any CPU
		{E060FD3D-4B47-4427-8E0C-D8BF543DA710}.Debug|Any CPU.Build.0 = Debug|Any CPU
		{E060FD3D-4B47-4427-8E0C-D8BF543DA710}.Release|Any CPU.ActiveCfg = Release|Any CPU
		{E060FD3D-4B47-4427-8E0C-D8BF543DA710}.Release|Any CPU.Build.0 = Release|Any CPU
	EndGlobalSection
	GlobalSection(SolutionProperties) = preSolution
		HideSolutionNode = FALSE
	EndGlobalSection
	GlobalSection(ExtensibilityGlobals) = postSolution
		SolutionGuid = {822F25E5-F6F3-4C9B-95C4-0D1630962C06}
	EndGlobalSection
EndGlobal
